# This file was autogenerated by uv via the following command:
#    uv pip compile pyproject.toml --extra dev -o requirements-dev.lock
iniconfig==2.1.0
    # via pytest
mypy==1.17.1
    # via clifun (pyproject.toml)
mypy-extensions==1.1.0
    # via mypy
packaging==25.0
    # via pytest
pathspec==0.12.1
    # via mypy
pluggy==1.6.0
    # via pytest
pygments==2.19.2
    # via pytest
pytest==8.4.2
    # via clifun (pyproject.toml)
ruff==0.12.12
    # via clifun (pyproject.toml)
typing-extensions==4.15.0
    # via mypy
